PODS:
  - Alamofire (4.0.1)
  - PureLayout (3.0.2)
  - SwiftyJSON (3.1.1)

DEPENDENCIES:
  - Alamofire (~> 4.0)
  - PureLayout
  - SwiftyJSON

SPEC CHECKSUMS:
  Alamofire: 7682d43245de14874acd142ec137b144aa1dd335
  PureLayout: 4d550abe49a94f24c2808b9b95db9131685fe4cd
  SwiftyJSON: f0be2e604f83e8405a624e9f891898bf6ed4e019

PODFILE CHECKSUM: 9b2eb51c7c6dd4f9d03a80ae038549d9ae2bb2a6

COCOAPODS: 1.4.0
