// !$*UTF8*$!
{
	archiveVersion = 1;
	classes = {
	};
	objectVersion = 46;
	objects = {

/* Begin PBXBuildFile section */
		1604B16E1B8D5459003A1E8E /* AppDelegate.swift in Sources */ = {isa = PBXBuildFile; fileRef = 1604B16D1B8D5459003A1E8E /* AppDelegate.swift */; };
		1604B1781B8D5459003A1E8E /* LaunchScreen.xib in Resources */ = {isa = PBXBuildFile; fileRef = 1604B1761B8D5459003A1E8E /* LaunchScreen.xib */; };
		1604B1841B8D5459003A1E8E /* classmereAppTests.swift in Sources */ = {isa = PBXBuildFile; fileRef = 1604B1831B8D5459003A1E8E /* classmereAppTests.swift */; };
		1627EE041B93A08C007ED748 /* CourseSection.swift in Sources */ = {isa = PBXBuildFile; fileRef = 1627EE031B93A08C007ED748 /* CourseSection.swift */; };
		165FD67B1B96CA2800F5DB8A /* TodayTableViewController.swift in Sources */ = {isa = PBXBuildFile; fileRef = 165FD67A1B96CA2800F5DB8A /* TodayTableViewController.swift */; };
		1681F4631BF83BBD009532EF /* InfoTableViewCell0.swift in Sources */ = {isa = PBXBuildFile; fileRef = 1681F4621BF83BBD009532EF /* InfoTableViewCell0.swift */; };
		1681F4651BF83D45009532EF /* MapTableViewCell1.swift in Sources */ = {isa = PBXBuildFile; fileRef = 1681F4641BF83D45009532EF /* MapTableViewCell1.swift */; };
		168B60541BF6F3F0002CE3F9 /* SectionViewController1.swift in Sources */ = {isa = PBXBuildFile; fileRef = 168B60531BF6F3F0002CE3F9 /* SectionViewController1.swift */; };
		16AADEB01B8D99ED00BA3BE7 /* Course.swift in Sources */ = {isa = PBXBuildFile; fileRef = 16AADEAF1B8D99ED00BA3BE7 /* Course.swift */; };
		16AADEB21B8D9A8100BA3BE7 /* APIService.swift in Sources */ = {isa = PBXBuildFile; fileRef = 16AADEB11B8D9A8100BA3BE7 /* APIService.swift */; };
		16ABAAA31BF7EDE1003CEB31 /* InfoTableViewCell1.swift in Sources */ = {isa = PBXBuildFile; fileRef = 16ABAAA21BF7EDE1003CEB31 /* InfoTableViewCell1.swift */; };
		16ABAAA51BF80182003CEB31 /* InfoTableViewCell2.swift in Sources */ = {isa = PBXBuildFile; fileRef = 16ABAAA41BF80182003CEB31 /* InfoTableViewCell2.swift */; };
		16CFDC151BB9275F00BD1FC2 /* FirstLaunchViewController.swift in Sources */ = {isa = PBXBuildFile; fileRef = 16CFDC141BB9275F00BD1FC2 /* FirstLaunchViewController.swift */; };
		4AF359E4C1C39C194FBC84CF /* Pods_classmereApp.framework in Frameworks */ = {isa = PBXBuildFile; fileRef = 6A517FA831FD99FDD133144B /* Pods_classmereApp.framework */; };
		AC01F3AA1BFDB81B00F6351D /* Images.xcassets in Resources */ = {isa = PBXBuildFile; fileRef = AC01F3A91BFDB81B00F6351D /* Images.xcassets */; };
		AC11EA7D1BEC947E00F367F6 /* DataFormatter.swift in Sources */ = {isa = PBXBuildFile; fileRef = AC11EA7C1BEC947E00F367F6 /* DataFormatter.swift */; };
		AC5E4B4C1BDEFB4800CF8CB6 /* Main.storyboard in Resources */ = {isa = PBXBuildFile; fileRef = AC5E4B4A1BDEFB4800CF8CB6 /* Main.storyboard */; };
		AC74FC581BEA9D6C0069F894 /* Search.storyboard in Resources */ = {isa = PBXBuildFile; fileRef = AC74FC561BEA9D6C0069F894 /* Search.storyboard */; };
		AC74FC5A1BEA9D8E0069F894 /* Detail.storyboard in Resources */ = {isa = PBXBuildFile; fileRef = AC74FC591BEA9D8E0069F894 /* Detail.storyboard */; };
		AC74FC5D1BEA9E8E0069F894 /* CourseViewController.swift in Sources */ = {isa = PBXBuildFile; fileRef = AC74FC5B1BEA9E8E0069F894 /* CourseViewController.swift */; };
		AC74FC601BEAA3BA0069F894 /* EmbeddedTableViewCell.swift in Sources */ = {isa = PBXBuildFile; fileRef = AC74FC5F1BEAA3BA0069F894 /* EmbeddedTableViewCell.swift */; };
		ACBE3DB01BDB3F94009877DE /* Podfile in Resources */ = {isa = PBXBuildFile; fileRef = ACBE3DAF1BDB3F94009877DE /* Podfile */; };
		ACBE3DB21BDB4346009877DE /* Building.swift in Sources */ = {isa = PBXBuildFile; fileRef = ACBE3DB11BDB4346009877DE /* Building.swift */; };
		ACBE3DB41BDB44D7009877DE /* TodayTableViewModel.swift in Sources */ = {isa = PBXBuildFile; fileRef = ACBE3DB31BDB44D7009877DE /* TodayTableViewModel.swift */; };
		ACBE3DB91BDB45AA009877DE /* DetailViewModel.swift in Sources */ = {isa = PBXBuildFile; fileRef = ACBE3DB51BDB45AA009877DE /* DetailViewModel.swift */; };
		ACBE3DBA1BDB45AA009877DE /* DetailViewController.swift in Sources */ = {isa = PBXBuildFile; fileRef = ACBE3DB61BDB45AA009877DE /* DetailViewController.swift */; };
		ACBE3DBB1BDB45AA009877DE /* TodayTableViewCell.swift in Sources */ = {isa = PBXBuildFile; fileRef = ACBE3DB71BDB45AA009877DE /* TodayTableViewCell.swift */; };
		ACBE3DBC1BDB45AA009877DE /* MapTableViewCell.swift in Sources */ = {isa = PBXBuildFile; fileRef = ACBE3DB81BDB45AA009877DE /* MapTableViewCell.swift */; };
		ACD9485A1BDEBD3D0055A4F5 /* AbstractClassmereCell.swift in Sources */ = {isa = PBXBuildFile; fileRef = ACD948591BDEBD3D0055A4F5 /* AbstractClassmereCell.swift */; };
		E6C170611BE1C088000E475E /* SearchViewController.swift in Sources */ = {isa = PBXBuildFile; fileRef = E6C170601BE1C088000E475E /* SearchViewController.swift */; };
		E6C170631BE1C0F0000E475E /* SearchViewModel.swift in Sources */ = {isa = PBXBuildFile; fileRef = E6C170621BE1C0F0000E475E /* SearchViewModel.swift */; };
/* End PBXBuildFile section */

/* Begin PBXContainerItemProxy section */
		1604B17E1B8D5459003A1E8E /* PBXContainerItemProxy */ = {
			isa = PBXContainerItemProxy;
			containerPortal = 1604B1601B8D5459003A1E8E /* Project object */;
			proxyType = 1;
			remoteGlobalIDString = 1604B1671B8D5459003A1E8E;
			remoteInfo = classmereApp;
		};
/* End PBXContainerItemProxy section */

/* Begin PBXFileReference section */
		1604B1681B8D5459003A1E8E /* classmereApp.app */ = {isa = PBXFileReference; explicitFileType = wrapper.application; includeInIndex = 0; path = classmereApp.app; sourceTree = BUILT_PRODUCTS_DIR; };
		1604B16C1B8D5459003A1E8E /* Info.plist */ = {isa = PBXFileReference; lastKnownFileType = text.plist.xml; path = Info.plist; sourceTree = "<group>"; };
		1604B16D1B8D5459003A1E8E /* AppDelegate.swift */ = {isa = PBXFileReference; lastKnownFileType = sourcecode.swift; path = AppDelegate.swift; sourceTree = "<group>"; };
		1604B1771B8D5459003A1E8E /* Base */ = {isa = PBXFileReference; lastKnownFileType = file.xib; name = Base; path = Base.lproj/LaunchScreen.xib; sourceTree = "<group>"; };
		1604B17D1B8D5459003A1E8E /* classmereAppTests.xctest */ = {isa = PBXFileReference; explicitFileType = wrapper.cfbundle; includeInIndex = 0; path = classmereAppTests.xctest; sourceTree = BUILT_PRODUCTS_DIR; };
		1604B1821B8D5459003A1E8E /* Info.plist */ = {isa = PBXFileReference; lastKnownFileType = text.plist.xml; path = Info.plist; sourceTree = "<group>"; };
		1604B1831B8D5459003A1E8E /* classmereAppTests.swift */ = {isa = PBXFileReference; lastKnownFileType = sourcecode.swift; path = classmereAppTests.swift; sourceTree = "<group>"; };
		1627EE031B93A08C007ED748 /* CourseSection.swift */ = {isa = PBXFileReference; fileEncoding = 4; lastKnownFileType = sourcecode.swift; path = CourseSection.swift; sourceTree = "<group>"; };
		165FD67A1B96CA2800F5DB8A /* TodayTableViewController.swift */ = {isa = PBXFileReference; fileEncoding = 4; lastKnownFileType = sourcecode.swift; path = TodayTableViewController.swift; sourceTree = "<group>"; };
		1681F4621BF83BBD009532EF /* InfoTableViewCell0.swift */ = {isa = PBXFileReference; fileEncoding = 4; lastKnownFileType = sourcecode.swift; path = InfoTableViewCell0.swift; sourceTree = "<group>"; };
		1681F4641BF83D45009532EF /* MapTableViewCell1.swift */ = {isa = PBXFileReference; fileEncoding = 4; lastKnownFileType = sourcecode.swift; path = MapTableViewCell1.swift; sourceTree = "<group>"; };
		168B60531BF6F3F0002CE3F9 /* SectionViewController1.swift */ = {isa = PBXFileReference; fileEncoding = 4; lastKnownFileType = sourcecode.swift; path = SectionViewController1.swift; sourceTree = "<group>"; };
		16AADEAF1B8D99ED00BA3BE7 /* Course.swift */ = {isa = PBXFileReference; fileEncoding = 4; lastKnownFileType = sourcecode.swift; path = Course.swift; sourceTree = "<group>"; };
		16AADEB11B8D9A8100BA3BE7 /* APIService.swift */ = {isa = PBXFileReference; fileEncoding = 4; lastKnownFileType = sourcecode.swift; path = APIService.swift; sourceTree = "<group>"; };
		16ABAAA21BF7EDE1003CEB31 /* InfoTableViewCell1.swift */ = {isa = PBXFileReference; fileEncoding = 4; lastKnownFileType = sourcecode.swift; path = InfoTableViewCell1.swift; sourceTree = "<group>"; };
		16ABAAA41BF80182003CEB31 /* InfoTableViewCell2.swift */ = {isa = PBXFileReference; fileEncoding = 4; lastKnownFileType = sourcecode.swift; path = InfoTableViewCell2.swift; sourceTree = "<group>"; };
		16CFDC141BB9275F00BD1FC2 /* FirstLaunchViewController.swift */ = {isa = PBXFileReference; fileEncoding = 4; lastKnownFileType = sourcecode.swift; path = FirstLaunchViewController.swift; sourceTree = "<group>"; };
		6A517FA831FD99FDD133144B /* Pods_classmereApp.framework */ = {isa = PBXFileReference; explicitFileType = wrapper.framework; includeInIndex = 0; path = Pods_classmereApp.framework; sourceTree = BUILT_PRODUCTS_DIR; };
		AC01F3A91BFDB81B00F6351D /* Images.xcassets */ = {isa = PBXFileReference; lastKnownFileType = folder.assetcatalog; path = Images.xcassets; sourceTree = "<group>"; };
		AC11EA7C1BEC947E00F367F6 /* DataFormatter.swift */ = {isa = PBXFileReference; fileEncoding = 4; lastKnownFileType = sourcecode.swift; path = DataFormatter.swift; sourceTree = "<group>"; };
		AC5E4B4B1BDEFB4800CF8CB6 /* Base */ = {isa = PBXFileReference; lastKnownFileType = file.storyboard; name = Base; path = Base.lproj/Main.storyboard; sourceTree = "<group>"; };
		AC74FC571BEA9D6C0069F894 /* Base */ = {isa = PBXFileReference; lastKnownFileType = file.storyboard; name = Base; path = Base.lproj/Search.storyboard; sourceTree = "<group>"; };
		AC74FC591BEA9D8E0069F894 /* Detail.storyboard */ = {isa = PBXFileReference; fileEncoding = 4; lastKnownFileType = file.storyboard; path = Detail.storyboard; sourceTree = "<group>"; };
		AC74FC5B1BEA9E8E0069F894 /* CourseViewController.swift */ = {isa = PBXFileReference; fileEncoding = 4; lastKnownFileType = sourcecode.swift; path = CourseViewController.swift; sourceTree = "<group>"; };
		AC74FC5F1BEAA3BA0069F894 /* EmbeddedTableViewCell.swift */ = {isa = PBXFileReference; fileEncoding = 4; lastKnownFileType = sourcecode.swift; path = EmbeddedTableViewCell.swift; sourceTree = "<group>"; };
		ACBE3DAF1BDB3F94009877DE /* Podfile */ = {isa = PBXFileReference; fileEncoding = 4; lastKnownFileType = text; path = Podfile; sourceTree = "<group>"; };
		ACBE3DB11BDB4346009877DE /* Building.swift */ = {isa = PBXFileReference; fileEncoding = 4; lastKnownFileType = sourcecode.swift; path = Building.swift; sourceTree = "<group>"; };
		ACBE3DB31BDB44D7009877DE /* TodayTableViewModel.swift */ = {isa = PBXFileReference; fileEncoding = 4; lastKnownFileType = sourcecode.swift; path = TodayTableViewModel.swift; sourceTree = "<group>"; };
		ACBE3DB51BDB45AA009877DE /* DetailViewModel.swift */ = {isa = PBXFileReference; fileEncoding = 4; lastKnownFileType = sourcecode.swift; path = DetailViewModel.swift; sourceTree = "<group>"; };
		ACBE3DB61BDB45AA009877DE /* DetailViewController.swift */ = {isa = PBXFileReference; fileEncoding = 4; lastKnownFileType = sourcecode.swift; path = DetailViewController.swift; sourceTree = "<group>"; };
		ACBE3DB71BDB45AA009877DE /* TodayTableViewCell.swift */ = {isa = PBXFileReference; fileEncoding = 4; lastKnownFileType = sourcecode.swift; path = TodayTableViewCell.swift; sourceTree = "<group>"; };
		ACBE3DB81BDB45AA009877DE /* MapTableViewCell.swift */ = {isa = PBXFileReference; fileEncoding = 4; lastKnownFileType = sourcecode.swift; path = MapTableViewCell.swift; sourceTree = "<group>"; };
		ACD948591BDEBD3D0055A4F5 /* AbstractClassmereCell.swift */ = {isa = PBXFileReference; fileEncoding = 4; lastKnownFileType = sourcecode.swift; path = AbstractClassmereCell.swift; sourceTree = "<group>"; };
		E6C170601BE1C088000E475E /* SearchViewController.swift */ = {isa = PBXFileReference; fileEncoding = 4; lastKnownFileType = sourcecode.swift; path = SearchViewController.swift; sourceTree = "<group>"; };
		E6C170621BE1C0F0000E475E /* SearchViewModel.swift */ = {isa = PBXFileReference; fileEncoding = 4; lastKnownFileType = sourcecode.swift; path = SearchViewModel.swift; sourceTree = "<group>"; };
		F5A7CD6781983D453B151FBE /* Pods-classmereApp.debug.xcconfig */ = {isa = PBXFileReference; includeInIndex = 1; lastKnownFileType = text.xcconfig; name = "Pods-classmereApp.debug.xcconfig"; path = "Pods/Target Support Files/Pods-classmereApp/Pods-classmereApp.debug.xcconfig"; sourceTree = "<group>"; };
		FB127F5DEF41C1F03D00AC4D /* Pods-classmereApp.release.xcconfig */ = {isa = PBXFileReference; includeInIndex = 1; lastKnownFileType = text.xcconfig; name = "Pods-classmereApp.release.xcconfig"; path = "Pods/Target Support Files/Pods-classmereApp/Pods-classmereApp.release.xcconfig"; sourceTree = "<group>"; };
/* End PBXFileReference section */

/* Begin PBXFrameworksBuildPhase section */
		1604B1651B8D5459003A1E8E /* Frameworks */ = {
			isa = PBXFrameworksBuildPhase;
			buildActionMask = 2147483647;
			files = (
				4AF359E4C1C39C194FBC84CF /* Pods_classmereApp.framework in Frameworks */,
			);
			runOnlyForDeploymentPostprocessing = 0;
		};
		1604B17A1B8D5459003A1E8E /* Frameworks */ = {
			isa = PBXFrameworksBuildPhase;
			buildActionMask = 2147483647;
			files = (
			);
			runOnlyForDeploymentPostprocessing = 0;
		};
/* End PBXFrameworksBuildPhase section */

/* Begin PBXGroup section */
		1604B15F1B8D5459003A1E8E = {
			isa = PBXGroup;
			children = (
				ACBE3DAF1BDB3F94009877DE /* Podfile */,
				1604B16A1B8D5459003A1E8E /* classmereApp */,
				1604B1801B8D5459003A1E8E /* classmereAppTests */,
				1604B1691B8D5459003A1E8E /* Products */,
				BD07123828D6DC15635896B0 /* Pods */,
				61CE0790CCC887879233B1D6 /* Frameworks */,
			);
			sourceTree = "<group>";
		};
		1604B1691B8D5459003A1E8E /* Products */ = {
			isa = PBXGroup;
			children = (
				1604B1681B8D5459003A1E8E /* classmereApp.app */,
				1604B17D1B8D5459003A1E8E /* classmereAppTests.xctest */,
			);
			name = Products;
			sourceTree = "<group>";
		};
		1604B16A1B8D5459003A1E8E /* classmereApp */ = {
			isa = PBXGroup;
			children = (
				16AADEAC1B8D993900BA3BE7 /* Models */,
				16AADEAD1B8D993E00BA3BE7 /* Views */,
				16AADEAE1B8D994300BA3BE7 /* Controllers */,
				1604B16D1B8D5459003A1E8E /* AppDelegate.swift */,
				1604B1761B8D5459003A1E8E /* LaunchScreen.xib */,
				1604B16B1B8D5459003A1E8E /* Supporting Files */,
			);
			path = classmereApp;
			sourceTree = "<group>";
		};
		1604B16B1B8D5459003A1E8E /* Supporting Files */ = {
			isa = PBXGroup;
			children = (
				AC01F3A91BFDB81B00F6351D /* Images.xcassets */,
				1604B16C1B8D5459003A1E8E /* Info.plist */,
			);
			name = "Supporting Files";
			sourceTree = "<group>";
		};
		1604B1801B8D5459003A1E8E /* classmereAppTests */ = {
			isa = PBXGroup;
			children = (
				1604B1831B8D5459003A1E8E /* classmereAppTests.swift */,
				1604B1811B8D5459003A1E8E /* Supporting Files */,
			);
			path = classmereAppTests;
			sourceTree = "<group>";
		};
		1604B1811B8D5459003A1E8E /* Supporting Files */ = {
			isa = PBXGroup;
			children = (
				1604B1821B8D5459003A1E8E /* Info.plist */,
			);
			name = "Supporting Files";
			sourceTree = "<group>";
		};
		16AADEAC1B8D993900BA3BE7 /* Models */ = {
			isa = PBXGroup;
			children = (
				ACBE3DB11BDB4346009877DE /* Building.swift */,
				16AADEAF1B8D99ED00BA3BE7 /* Course.swift */,
				1627EE031B93A08C007ED748 /* CourseSection.swift */,
				16AADEB11B8D9A8100BA3BE7 /* APIService.swift */,
				AC11EA7C1BEC947E00F367F6 /* DataFormatter.swift */,
			);
			name = Models;
			sourceTree = "<group>";
		};
		16AADEAD1B8D993E00BA3BE7 /* Views */ = {
			isa = PBXGroup;
			children = (
				ACD948591BDEBD3D0055A4F5 /* AbstractClassmereCell.swift */,
				AC74FC5F1BEAA3BA0069F894 /* EmbeddedTableViewCell.swift */,
				ACBE3DB71BDB45AA009877DE /* TodayTableViewCell.swift */,
				1681F4621BF83BBD009532EF /* InfoTableViewCell0.swift */,
				16ABAAA21BF7EDE1003CEB31 /* InfoTableViewCell1.swift */,
				16ABAAA41BF80182003CEB31 /* InfoTableViewCell2.swift */,
				ACBE3DB81BDB45AA009877DE /* MapTableViewCell.swift */,
				1681F4641BF83D45009532EF /* MapTableViewCell1.swift */,
				AC5E4B4A1BDEFB4800CF8CB6 /* Main.storyboard */,
				AC74FC591BEA9D8E0069F894 /* Detail.storyboard */,
				AC74FC561BEA9D6C0069F894 /* Search.storyboard */,
			);
			name = Views;
			sourceTree = "<group>";
		};
		16AADEAE1B8D994300BA3BE7 /* Controllers */ = {
			isa = PBXGroup;
			children = (
				16CFDC141BB9275F00BD1FC2 /* FirstLaunchViewController.swift */,
				ACBE3DB31BDB44D7009877DE /* TodayTableViewModel.swift */,
				165FD67A1B96CA2800F5DB8A /* TodayTableViewController.swift */,
				ACBE3DB51BDB45AA009877DE /* DetailViewModel.swift */,
				ACBE3DB61BDB45AA009877DE /* DetailViewController.swift */,
				E6C170621BE1C0F0000E475E /* SearchViewModel.swift */,
				E6C170601BE1C088000E475E /* SearchViewController.swift */,
				AC74FC5B1BEA9E8E0069F894 /* CourseViewController.swift */,
				168B60531BF6F3F0002CE3F9 /* SectionViewController1.swift */,
			);
			name = Controllers;
			sourceTree = "<group>";
		};
		61CE0790CCC887879233B1D6 /* Frameworks */ = {
			isa = PBXGroup;
			children = (
				6A517FA831FD99FDD133144B /* Pods_classmereApp.framework */,
			);
			name = Frameworks;
			sourceTree = "<group>";
		};
		BD07123828D6DC15635896B0 /* Pods */ = {
			isa = PBXGroup;
			children = (
				F5A7CD6781983D453B151FBE /* Pods-classmereApp.debug.xcconfig */,
				FB127F5DEF41C1F03D00AC4D /* Pods-classmereApp.release.xcconfig */,
			);
			name = Pods;
			sourceTree = "<group>";
		};
/* End PBXGroup section */

/* Begin PBXNativeTarget section */
		1604B1671B8D5459003A1E8E /* classmereApp */ = {
			isa = PBXNativeTarget;
			buildConfigurationList = 1604B1871B8D5459003A1E8E /* Build configuration list for PBXNativeTarget "classmereApp" */;
			buildPhases = (
				F07A5DBF311A80241AB86CDB /* Check Pods Manifest.lock */,
				1604B1641B8D5459003A1E8E /* Sources */,
				1604B1651B8D5459003A1E8E /* Frameworks */,
				1604B1661B8D5459003A1E8E /* Resources */,
				5910CDC9E2926CCBEAF165E6 /* Embed Pods Frameworks */,
				716DF24A4810693F0C151C4D /* Copy Pods Resources */,
			);
			buildRules = (
			);
			dependencies = (
			);
			name = classmereApp;
			productName = classmereApp;
			productReference = 1604B1681B8D5459003A1E8E /* classmereApp.app */;
			productType = "com.apple.product-type.application";
		};
		1604B17C1B8D5459003A1E8E /* classmereAppTests */ = {
			isa = PBXNativeTarget;
			buildConfigurationList = 1604B18A1B8D5459003A1E8E /* Build configuration list for PBXNativeTarget "classmereAppTests" */;
			buildPhases = (
				1604B1791B8D5459003A1E8E /* Sources */,
				1604B17A1B8D5459003A1E8E /* Frameworks */,
				1604B17B1B8D5459003A1E8E /* Resources */,
			);
			buildRules = (
			);
			dependencies = (
				1604B17F1B8D5459003A1E8E /* PBXTargetDependency */,
			);
			name = classmereAppTests;
			productName = classmereAppTests;
			productReference = 1604B17D1B8D5459003A1E8E /* classmereAppTests.xctest */;
			productType = "com.apple.product-type.bundle.unit-test";
		};
/* End PBXNativeTarget section */

/* Begin PBXProject section */
		1604B1601B8D5459003A1E8E /* Project object */ = {
			isa = PBXProject;
			attributes = {
				LastSwiftMigration = 0700;
				LastSwiftUpdateCheck = 0700;
				LastUpgradeCheck = 0700;
				ORGANIZATIONNAME = "Brandon Lee";
				TargetAttributes = {
					1604B1671B8D5459003A1E8E = {
						CreatedOnToolsVersion = 6.4;
						DevelopmentTeam = UT5Q6YJJZX;
					};
					1604B17C1B8D5459003A1E8E = {
						CreatedOnToolsVersion = 6.4;
						TestTargetID = 1604B1671B8D5459003A1E8E;
					};
				};
			};
			buildConfigurationList = 1604B1631B8D5459003A1E8E /* Build configuration list for PBXProject "classmereApp" */;
			compatibilityVersion = "Xcode 3.2";
			developmentRegion = English;
			hasScannedForEncodings = 0;
			knownRegions = (
				en,
				Base,
			);
			mainGroup = 1604B15F1B8D5459003A1E8E;
			productRefGroup = 1604B1691B8D5459003A1E8E /* Products */;
			projectDirPath = "";
			projectRoot = "";
			targets = (
				1604B1671B8D5459003A1E8E /* classmereApp */,
				1604B17C1B8D5459003A1E8E /* classmereAppTests */,
			);
		};
/* End PBXProject section */

/* Begin PBXResourcesBuildPhase section */
		1604B1661B8D5459003A1E8E /* Resources */ = {
			isa = PBXResourcesBuildPhase;
			buildActionMask = 2147483647;
			files = (
				ACBE3DB01BDB3F94009877DE /* Podfile in Resources */,
				1604B1781B8D5459003A1E8E /* LaunchScreen.xib in Resources */,
				AC01F3AA1BFDB81B00F6351D /* Images.xcassets in Resources */,
				AC5E4B4C1BDEFB4800CF8CB6 /* Main.storyboard in Resources */,
				AC74FC581BEA9D6C0069F894 /* Search.storyboard in Resources */,
				AC74FC5A1BEA9D8E0069F894 /* Detail.storyboard in Resources */,
			);
			runOnlyForDeploymentPostprocessing = 0;
		};
		1604B17B1B8D5459003A1E8E /* Resources */ = {
			isa = PBXResourcesBuildPhase;
			buildActionMask = 2147483647;
			files = (
			);
			runOnlyForDeploymentPostprocessing = 0;
		};
/* End PBXResourcesBuildPhase section */

/* Begin PBXShellScriptBuildPhase section */
		5910CDC9E2926CCBEAF165E6 /* Embed Pods Frameworks */ = {
			isa = PBXShellScriptBuildPhase;
			buildActionMask = 2147483647;
			files = (
			);
			inputPaths = (
			);
			name = "Embed Pods Frameworks";
			outputPaths = (
			);
			runOnlyForDeploymentPostprocessing = 0;
			shellPath = /bin/sh;
			shellScript = "\"${SRCROOT}/Pods/Target Support Files/Pods-classmereApp/Pods-classmereApp-frameworks.sh\"\n";
			showEnvVarsInLog = 0;
		};
		716DF24A4810693F0C151C4D /* Copy Pods Resources */ = {
			isa = PBXShellScriptBuildPhase;
			buildActionMask = 2147483647;
			files = (
			);
			inputPaths = (
			);
			name = "Copy Pods Resources";
			outputPaths = (
			);
			runOnlyForDeploymentPostprocessing = 0;
			shellPath = /bin/sh;
			shellScript = "\"${SRCROOT}/Pods/Target Support Files/Pods-classmereApp/Pods-classmereApp-resources.sh\"\n";
			showEnvVarsInLog = 0;
		};
		F07A5DBF311A80241AB86CDB /* Check Pods Manifest.lock */ = {
			isa = PBXShellScriptBuildPhase;
			buildActionMask = 2147483647;
			files = (
			);
			inputPaths = (
			);
			name = "Check Pods Manifest.lock";
			outputPaths = (
			);
			runOnlyForDeploymentPostprocessing = 0;
			shellPath = /bin/sh;
			shellScript = "diff \"${PODS_ROOT}/../Podfile.lock\" \"${PODS_ROOT}/Manifest.lock\" > /dev/null\nif [[ $? != 0 ]] ; then\n    cat << EOM\nerror: The sandbox is not in sync with the Podfile.lock. Run 'pod install' or update your CocoaPods installation.\nEOM\n    exit 1\nfi\n";
			showEnvVarsInLog = 0;
		};
/* End PBXShellScriptBuildPhase section */

/* Begin PBXSourcesBuildPhase section */
		1604B1641B8D5459003A1E8E /* Sources */ = {
			isa = PBXSourcesBuildPhase;
			buildActionMask = 2147483647;
			files = (
				16ABAAA51BF80182003CEB31 /* InfoTableViewCell2.swift in Sources */,
				ACD9485A1BDEBD3D0055A4F5 /* AbstractClassmereCell.swift in Sources */,
				16AADEB01B8D99ED00BA3BE7 /* Course.swift in Sources */,
				ACBE3DBC1BDB45AA009877DE /* MapTableViewCell.swift in Sources */,
				1681F4651BF83D45009532EF /* MapTableViewCell1.swift in Sources */,
				ACBE3DB21BDB4346009877DE /* Building.swift in Sources */,
				ACBE3DBB1BDB45AA009877DE /* TodayTableViewCell.swift in Sources */,
				16AADEB21B8D9A8100BA3BE7 /* APIService.swift in Sources */,
				E6C170631BE1C0F0000E475E /* SearchViewModel.swift in Sources */,
				16ABAAA31BF7EDE1003CEB31 /* InfoTableViewCell1.swift in Sources */,
				1681F4631BF83BBD009532EF /* InfoTableViewCell0.swift in Sources */,
				1604B16E1B8D5459003A1E8E /* AppDelegate.swift in Sources */,
				165FD67B1B96CA2800F5DB8A /* TodayTableViewController.swift in Sources */,
				E6C170611BE1C088000E475E /* SearchViewController.swift in Sources */,
				16CFDC151BB9275F00BD1FC2 /* FirstLaunchViewController.swift in Sources */,
				168B60541BF6F3F0002CE3F9 /* SectionViewController1.swift in Sources */,
				ACBE3DB41BDB44D7009877DE /* TodayTableViewModel.swift in Sources */,
				AC74FC5D1BEA9E8E0069F894 /* CourseViewController.swift in Sources */,
				ACBE3DB91BDB45AA009877DE /* DetailViewModel.swift in Sources */,
				AC74FC601BEAA3BA0069F894 /* EmbeddedTableViewCell.swift in Sources */,
				AC11EA7D1BEC947E00F367F6 /* DataFormatter.swift in Sources */,
				1627EE041B93A08C007ED748 /* CourseSection.swift in Sources */,
				ACBE3DBA1BDB45AA009877DE /* DetailViewController.swift in Sources */,
			);
			runOnlyForDeploymentPostprocessing = 0;
		};
		1604B1791B8D5459003A1E8E /* Sources */ = {
			isa = PBXSourcesBuildPhase;
			buildActionMask = 2147483647;
			files = (
				1604B1841B8D5459003A1E8E /* classmereAppTests.swift in Sources */,
			);
			runOnlyForDeploymentPostprocessing = 0;
		};
/* End PBXSourcesBuildPhase section */

/* Begin PBXTargetDependency section */
		1604B17F1B8D5459003A1E8E /* PBXTargetDependency */ = {
			isa = PBXTargetDependency;
			target = 1604B1671B8D5459003A1E8E /* classmereApp */;
			targetProxy = 1604B17E1B8D5459003A1E8E /* PBXContainerItemProxy */;
		};
/* End PBXTargetDependency section */

/* Begin PBXVariantGroup section */
		1604B1761B8D5459003A1E8E /* LaunchScreen.xib */ = {
			isa = PBXVariantGroup;
			children = (
				1604B1771B8D5459003A1E8E /* Base */,
			);
			name = LaunchScreen.xib;
			sourceTree = "<group>";
		};
		AC5E4B4A1BDEFB4800CF8CB6 /* Main.storyboard */ = {
			isa = PBXVariantGroup;
			children = (
				AC5E4B4B1BDEFB4800CF8CB6 /* Base */,
			);
			name = Main.storyboard;
			sourceTree = "<group>";
		};
		AC74FC561BEA9D6C0069F894 /* Search.storyboard */ = {
			isa = PBXVariantGroup;
			children = (
				AC74FC571BEA9D6C0069F894 /* Base */,
			);
			name = Search.storyboard;
			sourceTree = "<group>";
		};
/* End PBXVariantGroup section */

/* Begin XCBuildConfiguration section */
		1604B1851B8D5459003A1E8E /* Debug */ = {
			isa = XCBuildConfiguration;
			buildSettings = {
				ALWAYS_SEARCH_USER_PATHS = NO;
				CLANG_CXX_LANGUAGE_STANDARD = "gnu++0x";
				CLANG_CXX_LIBRARY = "libc++";
				CLANG_ENABLE_MODULES = YES;
				CLANG_ENABLE_OBJC_ARC = YES;
				CLANG_WARN_BOOL_CONVERSION = YES;
				CLANG_WARN_CONSTANT_CONVERSION = YES;
				CLANG_WARN_DIRECT_OBJC_ISA_USAGE = YES_ERROR;
				CLANG_WARN_EMPTY_BODY = YES;
				CLANG_WARN_ENUM_CONVERSION = YES;
				CLANG_WARN_INT_CONVERSION = YES;
				CLANG_WARN_OBJC_ROOT_CLASS = YES_ERROR;
				CLANG_WARN_UNREACHABLE_CODE = YES;
				CLANG_WARN__DUPLICATE_METHOD_MATCH = YES;
				"CODE_SIGN_IDENTITY[sdk=iphoneos*]" = "iPhone Developer";
				COPY_PHASE_STRIP = NO;
				DEBUG_INFORMATION_FORMAT = "dwarf-with-dsym";
				ENABLE_STRICT_OBJC_MSGSEND = YES;
				ENABLE_TESTABILITY = YES;
				GCC_C_LANGUAGE_STANDARD = gnu99;
				GCC_DYNAMIC_NO_PIC = NO;
				GCC_NO_COMMON_BLOCKS = YES;
				GCC_OPTIMIZATION_LEVEL = 0;
				GCC_PREPROCESSOR_DEFINITIONS = (
					"DEBUG=1",
					"$(inherited)",
				);
				GCC_SYMBOLS_PRIVATE_EXTERN = NO;
				GCC_WARN_64_TO_32_BIT_CONVERSION = YES;
				GCC_WARN_ABOUT_RETURN_TYPE = YES_ERROR;
				GCC_WARN_UNDECLARED_SELECTOR = YES;
				GCC_WARN_UNINITIALIZED_AUTOS = YES_AGGRESSIVE;
				GCC_WARN_UNUSED_FUNCTION = YES;
				GCC_WARN_UNUSED_VARIABLE = YES;
				IPHONEOS_DEPLOYMENT_TARGET = 8.4;
				MTL_ENABLE_DEBUG_INFO = YES;
				ONLY_ACTIVE_ARCH = YES;
				SDKROOT = iphoneos;
				SWIFT_OPTIMIZATION_LEVEL = "-Onone";
			};
			name = Debug;
		};
		1604B1861B8D5459003A1E8E /* Release */ = {
			isa = XCBuildConfiguration;
			buildSettings = {
				ALWAYS_SEARCH_USER_PATHS = NO;
				CLANG_CXX_LANGUAGE_STANDARD = "gnu++0x";
				CLANG_CXX_LIBRARY = "libc++";
				CLANG_ENABLE_MODULES = YES;
				CLANG_ENABLE_OBJC_ARC = YES;
				CLANG_WARN_BOOL_CONVERSION = YES;
				CLANG_WARN_CONSTANT_CONVERSION = YES;
				CLANG_WARN_DIRECT_OBJC_ISA_USAGE = YES_ERROR;
				CLANG_WARN_EMPTY_BODY = YES;
				CLANG_WARN_ENUM_CONVERSION = YES;
				CLANG_WARN_INT_CONVERSION = YES;
				CLANG_WARN_OBJC_ROOT_CLASS = YES_ERROR;
				CLANG_WARN_UNREACHABLE_CODE = YES;
				CLANG_WARN__DUPLICATE_METHOD_MATCH = YES;
				"CODE_SIGN_IDENTITY[sdk=iphoneos*]" = "iPhone Developer";
				COPY_PHASE_STRIP = NO;
				DEBUG_INFORMATION_FORMAT = "dwarf-with-dsym";
				ENABLE_NS_ASSERTIONS = NO;
				ENABLE_STRICT_OBJC_MSGSEND = YES;
				GCC_C_LANGUAGE_STANDARD = gnu99;
				GCC_NO_COMMON_BLOCKS = YES;
				GCC_WARN_64_TO_32_BIT_CONVERSION = YES;
				GCC_WARN_ABOUT_RETURN_TYPE = YES_ERROR;
				GCC_WARN_UNDECLARED_SELECTOR = YES;
				GCC_WARN_UNINITIALIZED_AUTOS = YES_AGGRESSIVE;
				GCC_WARN_UNUSED_FUNCTION = YES;
				GCC_WARN_UNUSED_VARIABLE = YES;
				IPHONEOS_DEPLOYMENT_TARGET = 8.4;
				MTL_ENABLE_DEBUG_INFO = NO;
				SDKROOT = iphoneos;
				VALIDATE_PRODUCT = YES;
			};
			name = Release;
		};
		1604B1881B8D5459003A1E8E /* Debug */ = {
			isa = XCBuildConfiguration;
			baseConfigurationReference = F5A7CD6781983D453B151FBE /* Pods-classmereApp.debug.xcconfig */;
			buildSettings = {
				ASSETCATALOG_COMPILER_APPICON_NAME = AppIcon;
				CODE_SIGN_IDENTITY = "iPhone Developer";
				"CODE_SIGN_IDENTITY[sdk=iphoneos*]" = "iPhone Developer";
				EMBEDDED_CONTENT_CONTAINS_SWIFT = YES;
				INFOPLIST_FILE = classmereApp/Info.plist;
				LD_DYLIB_INSTALL_NAME = "@executable_path/../Frameworks/$(EXECUTABLE_PATH)";
				LD_RUNPATH_SEARCH_PATHS = "$(inherited) @executable_path/Frameworks";
				PRODUCT_BUNDLE_IDENTIFIER = "com.classmere.$(PRODUCT_NAME:rfc1034identifier)";
				PRODUCT_NAME = "$(TARGET_NAME)";
				PROVISIONING_PROFILE = "";
			};
			name = Debug;
		};
		1604B1891B8D5459003A1E8E /* Release */ = {
			isa = XCBuildConfiguration;
			baseConfigurationReference = FB127F5DEF41C1F03D00AC4D /* Pods-classmereApp.release.xcconfig */;
			buildSettings = {
				ASSETCATALOG_COMPILER_APPICON_NAME = AppIcon;
				CODE_SIGN_IDENTITY = "iPhone Developer";
				"CODE_SIGN_IDENTITY[sdk=iphoneos*]" = "iPhone Developer";
				EMBEDDED_CONTENT_CONTAINS_SWIFT = YES;
				INFOPLIST_FILE = classmereApp/Info.plist;
				LD_DYLIB_INSTALL_NAME = "@executable_path/../Frameworks/$(EXECUTABLE_PATH)";
				LD_RUNPATH_SEARCH_PATHS = "$(inherited) @executable_path/Frameworks";
				PRODUCT_BUNDLE_IDENTIFIER = "com.classmere.$(PRODUCT_NAME:rfc1034identifier)";
				PRODUCT_NAME = "$(TARGET_NAME)";
				PROVISIONING_PROFILE = "";
			};
			name = Release;
		};
		1604B18B1B8D5459003A1E8E /* Debug */ = {
			isa = XCBuildConfiguration;
			buildSettings = {
				BUNDLE_LOADER = "$(TEST_HOST)";
				FRAMEWORK_SEARCH_PATHS = (
					"$(SDKROOT)/Developer/Library/Frameworks",
					"$(inherited)",
				);
				GCC_PREPROCESSOR_DEFINITIONS = (
					"DEBUG=1",
					"$(inherited)",
				);
				INFOPLIST_FILE = classmereAppTests/Info.plist;
				LD_RUNPATH_SEARCH_PATHS = "$(inherited) @executable_path/Frameworks @loader_path/Frameworks";
				PRODUCT_BUNDLE_IDENTIFIER = "com.classmere.$(PRODUCT_NAME:rfc1034identifier)";
				PRODUCT_NAME = "$(TARGET_NAME)";
				TEST_HOST = "$(BUILT_PRODUCTS_DIR)/classmereApp.app/classmereApp";
			};
			name = Debug;
		};
		1604B18C1B8D5459003A1E8E /* Release */ = {
			isa = XCBuildConfiguration;
			buildSettings = {
				BUNDLE_LOADER = "$(TEST_HOST)";
				FRAMEWORK_SEARCH_PATHS = (
					"$(SDKROOT)/Developer/Library/Frameworks",
					"$(inherited)",
				);
				INFOPLIST_FILE = classmereAppTests/Info.plist;
				LD_RUNPATH_SEARCH_PATHS = "$(inherited) @executable_path/Frameworks @loader_path/Frameworks";
				PRODUCT_BUNDLE_IDENTIFIER = "com.classmere.$(PRODUCT_NAME:rfc1034identifier)";
				PRODUCT_NAME = "$(TARGET_NAME)";
				TEST_HOST = "$(BUILT_PRODUCTS_DIR)/classmereApp.app/classmereApp";
			};
			name = Release;
		};
/* End XCBuildConfiguration section */

/* Begin XCConfigurationList section */
		1604B1631B8D5459003A1E8E /* Build configuration list for PBXProject "classmereApp" */ = {
			isa = XCConfigurationList;
			buildConfigurations = (
				1604B1851B8D5459003A1E8E /* Debug */,
				1604B1861B8D5459003A1E8E /* Release */,
			);
			defaultConfigurationIsVisible = 0;
			defaultConfigurationName = Release;
		};
		1604B1871B8D5459003A1E8E /* Build configuration list for PBXNativeTarget "classmereApp" */ = {
			isa = XCConfigurationList;
			buildConfigurations = (
				1604B1881B8D5459003A1E8E /* Debug */,
				1604B1891B8D5459003A1E8E /* Release */,
			);
			defaultConfigurationIsVisible = 0;
			defaultConfigurationName = Release;
		};
		1604B18A1B8D5459003A1E8E /* Build configuration list for PBXNativeTarget "classmereAppTests" */ = {
			isa = XCConfigurationList;
			buildConfigurations = (
				1604B18B1B8D5459003A1E8E /* Debug */,
				1604B18C1B8D5459003A1E8E /* Release */,
			);
			defaultConfigurationIsVisible = 0;
			defaultConfigurationName = Release;
		};
/* End XCConfigurationList section */
	};
	rootObject = 1604B1601B8D5459003A1E8E /* Project object */;
}
