// !$*UTF8*$!
{
	archiveVersion = 1;
	classes = {
	};
	objectVersion = 46;
	objects = {

/* Begin PBXBuildFile section */
		160D28501D5C0032009C0178 /* Course.swift in Sources */ = {isa = PBXBuildFile; fileRef = 160D284F1D5C0032009C0178 /* Course.swift */; };
		160D28521D5C0298009C0178 /* Section.swift in Sources */ = {isa = PBXBuildFile; fileRef = 160D28511D5C0298009C0178 /* Section.swift */; };
		160D28541D5C12DF009C0178 /* Building.swift in Sources */ = {isa = PBXBuildFile; fileRef = 160D28531D5C12DF009C0178 /* Building.swift */; };
		160D28581D5C1B67009C0178 /* HomeViewController.swift in Sources */ = {isa = PBXBuildFile; fileRef = 160D28571D5C1B67009C0178 /* HomeViewController.swift */; };
		160D285A1D5C1BDC009C0178 /* HomeView.swift in Sources */ = {isa = PBXBuildFile; fileRef = 160D28591D5C1BDC009C0178 /* HomeView.swift */; };
		163FAB4E1D7E891500E8E271 /* SectionViewController.swift in Sources */ = {isa = PBXBuildFile; fileRef = 163FAB4D1D7E891500E8E271 /* SectionViewController.swift */; };
		163FAB501D7E90A700E8E271 /* SectionCell.swift in Sources */ = {isa = PBXBuildFile; fileRef = 163FAB4F1D7E90A700E8E271 /* SectionCell.swift */; };
		169AD5EA1D59615800615CB7 /* AppDelegate.swift in Sources */ = {isa = PBXBuildFile; fileRef = 169AD5E91D59615800615CB7 /* AppDelegate.swift */; };
		169AD5F11D59615800615CB7 /* Assets.xcassets in Resources */ = {isa = PBXBuildFile; fileRef = 169AD5F01D59615800615CB7 /* Assets.xcassets */; };
		169AD5F41D59615800615CB7 /* LaunchScreen.storyboard in Resources */ = {isa = PBXBuildFile; fileRef = 169AD5F21D59615800615CB7 /* LaunchScreen.storyboard */; };
		169AD60A1D59615800615CB7 /* ClassmereUITests.swift in Sources */ = {isa = PBXBuildFile; fileRef = 169AD6091D59615800615CB7 /* ClassmereUITests.swift */; };
		16A8EA4F1D7CE98C0047C10B /* MapCell.swift in Sources */ = {isa = PBXBuildFile; fileRef = 16A8EA4E1D7CE98C0047C10B /* MapCell.swift */; };
		16BA26B41D7663E100CF8594 /* EmojiFactory.swift in Sources */ = {isa = PBXBuildFile; fileRef = 16BA26B31D7663E100CF8594 /* EmojiFactory.swift */; };
		16BA26B61D76723200CF8594 /* CourseDetailsCell.swift in Sources */ = {isa = PBXBuildFile; fileRef = 16BA26B51D76723200CF8594 /* CourseDetailsCell.swift */; };
		16BB2FA31D722EFA00484015 /* CourseCell.swift in Sources */ = {isa = PBXBuildFile; fileRef = 16BB2FA21D722EFA00484015 /* CourseCell.swift */; };
		16D117611D6C07B000CCB807 /* CourseViewController.swift in Sources */ = {isa = PBXBuildFile; fileRef = 16D117601D6C07B000CCB807 /* CourseViewController.swift */; };
		16D94F1F1D73D22F00346D2B /* DataFormatter.swift in Sources */ = {isa = PBXBuildFile; fileRef = 16D94F1E1D73D22F00346D2B /* DataFormatter.swift */; };
		16D95F031D643BF800C2E1F7 /* SearchCell.swift in Sources */ = {isa = PBXBuildFile; fileRef = 16D95F021D643BF800C2E1F7 /* SearchCell.swift */; };
		47EF37D0250C872C87DBB1F6 /* Pods_Classmere.framework in Frameworks */ = {isa = PBXBuildFile; fileRef = AD9C9D73E2FE4980DEB8B78F /* Pods_Classmere.framework */; };
		91C86D7281E4FEC220E9FFD5 /* Pods_ClassmereTests.framework in Frameworks */ = {isa = PBXBuildFile; fileRef = 13C3B333A7473EBFCDC7EF28 /* Pods_ClassmereTests.framework */; };
		AC778A06202BFAF6001A25C9 /* Provider.swift in Sources */ = {isa = PBXBuildFile; fileRef = AC778A05202BFAF6001A25C9 /* Provider.swift */; };
		AC778A08202BFB2C001A25C9 /* Result.swift in Sources */ = {isa = PBXBuildFile; fileRef = AC778A07202BFB2C001A25C9 /* Result.swift */; };
		AC778A0A202C14BE001A25C9 /* CourseTests.swift in Sources */ = {isa = PBXBuildFile; fileRef = AC778A09202C14BE001A25C9 /* CourseTests.swift */; };
		AC778A0C202C14CE001A25C9 /* URLSessionProviderTests.swift in Sources */ = {isa = PBXBuildFile; fileRef = AC778A0B202C14CE001A25C9 /* URLSessionProviderTests.swift */; };
		ACAC27402044B56B0067B3E3 /* DateFormatter+.swift in Sources */ = {isa = PBXBuildFile; fileRef = ACAC273F2044B56B0067B3E3 /* DateFormatter+.swift */; };
		ACB0AE5520213AB0003B1E45 /* API.swift in Sources */ = {isa = PBXBuildFile; fileRef = ACB0AE5420213AB0003B1E45 /* API.swift */; };
		ACB0AE5720213AC7003B1E45 /* Store.swift in Sources */ = {isa = PBXBuildFile; fileRef = ACB0AE5620213AC7003B1E45 /* Store.swift */; };
		ACC6381E2032203600450A46 /* Emoji.swift in Sources */ = {isa = PBXBuildFile; fileRef = ACC6381D2032203600450A46 /* Emoji.swift */; };
		ACD9441D202D10BE00F4B35F /* TableViewDataSource.swift in Sources */ = {isa = PBXBuildFile; fileRef = ACD9441C202D10BE00F4B35F /* TableViewDataSource.swift */; };
		ACD94421202D1D6900F4B35F /* UpdatableCell.swift in Sources */ = {isa = PBXBuildFile; fileRef = ACD94420202D1D6900F4B35F /* UpdatableCell.swift */; };
		ACDC0A9C20227E69000A19D1 /* APITests.swift in Sources */ = {isa = PBXBuildFile; fileRef = ACDC0A9B20227E69000A19D1 /* APITests.swift */; };
		ACDC0A9E20228563000A19D1 /* DummyProvider.swift in Sources */ = {isa = PBXBuildFile; fileRef = ACDC0A9D20228563000A19D1 /* DummyProvider.swift */; };
		ACDC0AA020228577000A19D1 /* URLSessionProvider.swift in Sources */ = {isa = PBXBuildFile; fileRef = ACDC0A9F20228577000A19D1 /* URLSessionProvider.swift */; };
		ACDC0AA62022D907000A19D1 /* courses-CS-161.json in Resources */ = {isa = PBXBuildFile; fileRef = ACDC0AA22022D907000A19D1 /* courses-CS-161.json */; };
		ACDC0AA82022D907000A19D1 /* search-courses-nutrition.json in Resources */ = {isa = PBXBuildFile; fileRef = ACDC0AA42022D907000A19D1 /* search-courses-nutrition.json */; };
		ACDC0AAC202370FC000A19D1 /* BuildingTests.swift in Sources */ = {isa = PBXBuildFile; fileRef = ACDC0AAB202370FC000A19D1 /* BuildingTests.swift */; };
		ACE53E07203F69E90053A0CF /* MeetingTime.swift in Sources */ = {isa = PBXBuildFile; fileRef = ACE53E06203F69E90053A0CF /* MeetingTime.swift */; };
		ACF260C22024FB5800A05B20 /* search-buildings-KEC.json in Resources */ = {isa = PBXBuildFile; fileRef = ACF260C02024FB5800A05B20 /* search-buildings-KEC.json */; };
		ACF260C32024FB5800A05B20 /* buildings-KEC.json in Resources */ = {isa = PBXBuildFile; fileRef = ACF260C12024FB5800A05B20 /* buildings-KEC.json */; };
/* End PBXBuildFile section */

/* Begin PBXContainerItemProxy section */
		169AD5FB1D59615800615CB7 /* PBXContainerItemProxy */ = {
			isa = PBXContainerItemProxy;
			containerPortal = 169AD5DE1D59615700615CB7 /* Project object */;
			proxyType = 1;
			remoteGlobalIDString = 169AD5E51D59615700615CB7;
			remoteInfo = Classmere;
		};
		169AD6061D59615800615CB7 /* PBXContainerItemProxy */ = {
			isa = PBXContainerItemProxy;
			containerPortal = 169AD5DE1D59615700615CB7 /* Project object */;
			proxyType = 1;
			remoteGlobalIDString = 169AD5E51D59615700615CB7;
			remoteInfo = Classmere;
		};
/* End PBXContainerItemProxy section */

/* Begin PBXFileReference section */
		13C3B333A7473EBFCDC7EF28 /* Pods_ClassmereTests.framework */ = {isa = PBXFileReference; explicitFileType = wrapper.framework; includeInIndex = 0; path = Pods_ClassmereTests.framework; sourceTree = BUILT_PRODUCTS_DIR; };
		160D284F1D5C0032009C0178 /* Course.swift */ = {isa = PBXFileReference; fileEncoding = 4; lastKnownFileType = sourcecode.swift; path = Course.swift; sourceTree = "<group>"; };
		160D28511D5C0298009C0178 /* Section.swift */ = {isa = PBXFileReference; fileEncoding = 4; lastKnownFileType = sourcecode.swift; path = Section.swift; sourceTree = "<group>"; };
		160D28531D5C12DF009C0178 /* Building.swift */ = {isa = PBXFileReference; fileEncoding = 4; lastKnownFileType = sourcecode.swift; path = Building.swift; sourceTree = "<group>"; };
		160D28571D5C1B67009C0178 /* HomeViewController.swift */ = {isa = PBXFileReference; fileEncoding = 4; lastKnownFileType = sourcecode.swift; path = HomeViewController.swift; sourceTree = "<group>"; };
		160D28591D5C1BDC009C0178 /* HomeView.swift */ = {isa = PBXFileReference; fileEncoding = 4; lastKnownFileType = sourcecode.swift; path = HomeView.swift; sourceTree = "<group>"; };
		163FAB4D1D7E891500E8E271 /* SectionViewController.swift */ = {isa = PBXFileReference; fileEncoding = 4; lastKnownFileType = sourcecode.swift; path = SectionViewController.swift; sourceTree = "<group>"; };
		163FAB4F1D7E90A700E8E271 /* SectionCell.swift */ = {isa = PBXFileReference; fileEncoding = 4; lastKnownFileType = sourcecode.swift; path = SectionCell.swift; sourceTree = "<group>"; };
		169AD5E61D59615700615CB7 /* Classmere.app */ = {isa = PBXFileReference; explicitFileType = wrapper.application; includeInIndex = 0; path = Classmere.app; sourceTree = BUILT_PRODUCTS_DIR; };
		169AD5E91D59615800615CB7 /* AppDelegate.swift */ = {isa = PBXFileReference; lastKnownFileType = sourcecode.swift; path = AppDelegate.swift; sourceTree = "<group>"; };
		169AD5F01D59615800615CB7 /* Assets.xcassets */ = {isa = PBXFileReference; lastKnownFileType = folder.assetcatalog; path = Assets.xcassets; sourceTree = "<group>"; };
		169AD5F31D59615800615CB7 /* Base */ = {isa = PBXFileReference; lastKnownFileType = file.storyboard; name = Base; path = Base.lproj/LaunchScreen.storyboard; sourceTree = "<group>"; };
		169AD5F51D59615800615CB7 /* Info.plist */ = {isa = PBXFileReference; lastKnownFileType = text.plist.xml; path = Info.plist; sourceTree = "<group>"; };
		169AD5FA1D59615800615CB7 /* ClassmereTests.xctest */ = {isa = PBXFileReference; explicitFileType = wrapper.cfbundle; includeInIndex = 0; path = ClassmereTests.xctest; sourceTree = BUILT_PRODUCTS_DIR; };
		169AD6001D59615800615CB7 /* Info.plist */ = {isa = PBXFileReference; lastKnownFileType = text.plist.xml; path = Info.plist; sourceTree = "<group>"; };
		169AD6051D59615800615CB7 /* ClassmereUITests.xctest */ = {isa = PBXFileReference; explicitFileType = wrapper.cfbundle; includeInIndex = 0; path = ClassmereUITests.xctest; sourceTree = BUILT_PRODUCTS_DIR; };
		169AD6091D59615800615CB7 /* ClassmereUITests.swift */ = {isa = PBXFileReference; lastKnownFileType = sourcecode.swift; path = ClassmereUITests.swift; sourceTree = "<group>"; };
		169AD60B1D59615800615CB7 /* Info.plist */ = {isa = PBXFileReference; lastKnownFileType = text.plist.xml; path = Info.plist; sourceTree = "<group>"; };
		16A8EA4E1D7CE98C0047C10B /* MapCell.swift */ = {isa = PBXFileReference; fileEncoding = 4; lastKnownFileType = sourcecode.swift; path = MapCell.swift; sourceTree = "<group>"; };
		16BA26B31D7663E100CF8594 /* EmojiFactory.swift */ = {isa = PBXFileReference; fileEncoding = 4; lastKnownFileType = sourcecode.swift; path = EmojiFactory.swift; sourceTree = "<group>"; };
		16BA26B51D76723200CF8594 /* CourseDetailsCell.swift */ = {isa = PBXFileReference; fileEncoding = 4; lastKnownFileType = sourcecode.swift; path = CourseDetailsCell.swift; sourceTree = "<group>"; };
		16BB2FA21D722EFA00484015 /* CourseCell.swift */ = {isa = PBXFileReference; fileEncoding = 4; lastKnownFileType = sourcecode.swift; path = CourseCell.swift; sourceTree = "<group>"; };
		16D117601D6C07B000CCB807 /* CourseViewController.swift */ = {isa = PBXFileReference; fileEncoding = 4; lastKnownFileType = sourcecode.swift; path = CourseViewController.swift; sourceTree = "<group>"; };
		16D94F1E1D73D22F00346D2B /* DataFormatter.swift */ = {isa = PBXFileReference; fileEncoding = 4; lastKnownFileType = sourcecode.swift; path = DataFormatter.swift; sourceTree = "<group>"; };
		16D95F021D643BF800C2E1F7 /* SearchCell.swift */ = {isa = PBXFileReference; fileEncoding = 4; lastKnownFileType = sourcecode.swift; path = SearchCell.swift; sourceTree = "<group>"; };
		3E7034761DB1245B355B0E66 /* Pods-ClassmereTests.release.xcconfig */ = {isa = PBXFileReference; includeInIndex = 1; lastKnownFileType = text.xcconfig; name = "Pods-ClassmereTests.release.xcconfig"; path = "../Pods/Target Support Files/Pods-ClassmereTests/Pods-ClassmereTests.release.xcconfig"; sourceTree = "<group>"; };
		974759523F0F5369AFB9F6D7 /* Pods-Classmere.debug.xcconfig */ = {isa = PBXFileReference; includeInIndex = 1; lastKnownFileType = text.xcconfig; name = "Pods-Classmere.debug.xcconfig"; path = "../Pods/Target Support Files/Pods-Classmere/Pods-Classmere.debug.xcconfig"; sourceTree = "<group>"; };
		AC778A05202BFAF6001A25C9 /* Provider.swift */ = {isa = PBXFileReference; lastKnownFileType = sourcecode.swift; path = Provider.swift; sourceTree = "<group>"; };
		AC778A07202BFB2C001A25C9 /* Result.swift */ = {isa = PBXFileReference; lastKnownFileType = sourcecode.swift; path = Result.swift; sourceTree = "<group>"; };
		AC778A09202C14BE001A25C9 /* CourseTests.swift */ = {isa = PBXFileReference; lastKnownFileType = sourcecode.swift; path = CourseTests.swift; sourceTree = "<group>"; };
		AC778A0B202C14CE001A25C9 /* URLSessionProviderTests.swift */ = {isa = PBXFileReference; lastKnownFileType = sourcecode.swift; path = URLSessionProviderTests.swift; sourceTree = "<group>"; };
		ACAC273F2044B56B0067B3E3 /* DateFormatter+.swift */ = {isa = PBXFileReference; lastKnownFileType = sourcecode.swift; path = "DateFormatter+.swift"; sourceTree = "<group>"; };
		ACB0AE5420213AB0003B1E45 /* API.swift */ = {isa = PBXFileReference; lastKnownFileType = sourcecode.swift; path = API.swift; sourceTree = "<group>"; };
		ACB0AE5620213AC7003B1E45 /* Store.swift */ = {isa = PBXFileReference; lastKnownFileType = sourcecode.swift; path = Store.swift; sourceTree = "<group>"; };
		ACC6381D2032203600450A46 /* Emoji.swift */ = {isa = PBXFileReference; lastKnownFileType = sourcecode.swift; path = Emoji.swift; sourceTree = "<group>"; };
		ACD9441C202D10BE00F4B35F /* TableViewDataSource.swift */ = {isa = PBXFileReference; lastKnownFileType = sourcecode.swift; path = TableViewDataSource.swift; sourceTree = "<group>"; };
		ACD94420202D1D6900F4B35F /* UpdatableCell.swift */ = {isa = PBXFileReference; lastKnownFileType = sourcecode.swift; path = UpdatableCell.swift; sourceTree = "<group>"; };
		ACDC0A9B20227E69000A19D1 /* APITests.swift */ = {isa = PBXFileReference; lastKnownFileType = sourcecode.swift; path = APITests.swift; sourceTree = "<group>"; };
		ACDC0A9D20228563000A19D1 /* DummyProvider.swift */ = {isa = PBXFileReference; lastKnownFileType = sourcecode.swift; path = DummyProvider.swift; sourceTree = "<group>"; };
		ACDC0A9F20228577000A19D1 /* URLSessionProvider.swift */ = {isa = PBXFileReference; lastKnownFileType = sourcecode.swift; path = URLSessionProvider.swift; sourceTree = "<group>"; };
		ACDC0AA22022D907000A19D1 /* courses-CS-161.json */ = {isa = PBXFileReference; fileEncoding = 4; lastKnownFileType = text.json; path = "courses-CS-161.json"; sourceTree = "<group>"; };
		ACDC0AA42022D907000A19D1 /* search-courses-nutrition.json */ = {isa = PBXFileReference; fileEncoding = 4; lastKnownFileType = text.json; path = "search-courses-nutrition.json"; sourceTree = "<group>"; };
		ACDC0AAB202370FC000A19D1 /* BuildingTests.swift */ = {isa = PBXFileReference; lastKnownFileType = sourcecode.swift; path = BuildingTests.swift; sourceTree = "<group>"; };
		ACE53E06203F69E90053A0CF /* MeetingTime.swift */ = {isa = PBXFileReference; lastKnownFileType = sourcecode.swift; path = MeetingTime.swift; sourceTree = "<group>"; };
		ACF260C02024FB5800A05B20 /* search-buildings-KEC.json */ = {isa = PBXFileReference; fileEncoding = 4; lastKnownFileType = text.json; path = "search-buildings-KEC.json"; sourceTree = "<group>"; };
		ACF260C12024FB5800A05B20 /* buildings-KEC.json */ = {isa = PBXFileReference; fileEncoding = 4; lastKnownFileType = text.json; path = "buildings-KEC.json"; sourceTree = "<group>"; };
		AD9C9D73E2FE4980DEB8B78F /* Pods_Classmere.framework */ = {isa = PBXFileReference; explicitFileType = wrapper.framework; includeInIndex = 0; path = Pods_Classmere.framework; sourceTree = BUILT_PRODUCTS_DIR; };
		AED457C659A3B5F1D0757C66 /* Pods-Classmere.release.xcconfig */ = {isa = PBXFileReference; includeInIndex = 1; lastKnownFileType = text.xcconfig; name = "Pods-Classmere.release.xcconfig"; path = "../Pods/Target Support Files/Pods-Classmere/Pods-Classmere.release.xcconfig"; sourceTree = "<group>"; };
		DEEF30CFAB38B378BBEF6B93 /* Pods-ClassmereTests.debug.xcconfig */ = {isa = PBXFileReference; includeInIndex = 1; lastKnownFileType = text.xcconfig; name = "Pods-ClassmereTests.debug.xcconfig"; path = "../Pods/Target Support Files/Pods-ClassmereTests/Pods-ClassmereTests.debug.xcconfig"; sourceTree = "<group>"; };
/* End PBXFileReference section */

/* Begin PBXFrameworksBuildPhase section */
		169AD5E31D59615700615CB7 /* Frameworks */ = {
			isa = PBXFrameworksBuildPhase;
			buildActionMask = 2147483647;
			files = (
				47EF37D0250C872C87DBB1F6 /* Pods_Classmere.framework in Frameworks */,
			);
			runOnlyForDeploymentPostprocessing = 0;
		};
		169AD5F71D59615800615CB7 /* Frameworks */ = {
			isa = PBXFrameworksBuildPhase;
			buildActionMask = 2147483647;
			files = (
				91C86D7281E4FEC220E9FFD5 /* Pods_ClassmereTests.framework in Frameworks */,
			);
			runOnlyForDeploymentPostprocessing = 0;
		};
		169AD6021D59615800615CB7 /* Frameworks */ = {
			isa = PBXFrameworksBuildPhase;
			buildActionMask = 2147483647;
			files = (
			);
			runOnlyForDeploymentPostprocessing = 0;
		};
/* End PBXFrameworksBuildPhase section */

/* Begin PBXGroup section */
		162935E91D5966C0003DF059 /* Models */ = {
			isa = PBXGroup;
			children = (
				160D28531D5C12DF009C0178 /* Building.swift */,
				16D94F1E1D73D22F00346D2B /* DataFormatter.swift */,
				16BA26B31D7663E100CF8594 /* EmojiFactory.swift */,
				160D284F1D5C0032009C0178 /* Course.swift */,
				160D28511D5C0298009C0178 /* Section.swift */,
				ACE53E06203F69E90053A0CF /* MeetingTime.swift */,
				ACC6381D2032203600450A46 /* Emoji.swift */,
			);
			name = Models;
			sourceTree = "<group>";
		};
		162935EA1D5966C9003DF059 /* Views */ = {
			isa = PBXGroup;
			children = (
				160D28591D5C1BDC009C0178 /* HomeView.swift */,
			);
			name = Views;
			sourceTree = "<group>";
		};
		162935EB1D5966D0003DF059 /* Controllers */ = {
			isa = PBXGroup;
			children = (
				16D117601D6C07B000CCB807 /* CourseViewController.swift */,
				160D28571D5C1B67009C0178 /* HomeViewController.swift */,
				163FAB4D1D7E891500E8E271 /* SectionViewController.swift */,
			);
			name = Controllers;
			sourceTree = "<group>";
		};
		169AD5DD1D59615700615CB7 = {
			isa = PBXGroup;
			children = (
				169AD5E81D59615700615CB7 /* Classmere */,
				169AD5FD1D59615800615CB7 /* ClassmereTests */,
				169AD6081D59615800615CB7 /* ClassmereUITests */,
				169AD5E71D59615700615CB7 /* Products */,
				7F05FD08C755AA90926D1C53 /* Pods */,
				39C479B30750CE1FF2A95FD8 /* Frameworks */,
			);
			sourceTree = "<group>";
		};
		169AD5E71D59615700615CB7 /* Products */ = {
			isa = PBXGroup;
			children = (
				169AD5E61D59615700615CB7 /* Classmere.app */,
				169AD5FA1D59615800615CB7 /* ClassmereTests.xctest */,
				169AD6051D59615800615CB7 /* ClassmereUITests.xctest */,
			);
			name = Products;
			sourceTree = "<group>";
		};
		169AD5E81D59615700615CB7 /* Classmere */ = {
			isa = PBXGroup;
			children = (
				169AD5E91D59615800615CB7 /* AppDelegate.swift */,
				ACB0AE5420213AB0003B1E45 /* API.swift */,
				ACB0AE5620213AC7003B1E45 /* Store.swift */,
				ACD9441C202D10BE00F4B35F /* TableViewDataSource.swift */,
				AC778A07202BFB2C001A25C9 /* Result.swift */,
				AC778A05202BFAF6001A25C9 /* Provider.swift */,
				ACAC273F2044B56B0067B3E3 /* DateFormatter+.swift */,
				ACDC0A9D20228563000A19D1 /* DummyProvider.swift */,
				ACDC0A9F20228577000A19D1 /* URLSessionProvider.swift */,
				AC65DBDD202ED3A4006C990A /* TableViewCells */,
				162935E91D5966C0003DF059 /* Models */,
				162935EA1D5966C9003DF059 /* Views */,
				162935EB1D5966D0003DF059 /* Controllers */,
				169AD5F01D59615800615CB7 /* Assets.xcassets */,
				ACDC0AAA2022D925000A19D1 /* Stubbed Responses */,
				169AD5F21D59615800615CB7 /* LaunchScreen.storyboard */,
				169AD5F51D59615800615CB7 /* Info.plist */,
			);
			path = Classmere;
			sourceTree = "<group>";
		};
		169AD5FD1D59615800615CB7 /* ClassmereTests */ = {
			isa = PBXGroup;
			children = (
				ACDC0A9B20227E69000A19D1 /* APITests.swift */,
				ACDC0AAB202370FC000A19D1 /* BuildingTests.swift */,
				AC778A09202C14BE001A25C9 /* CourseTests.swift */,
				AC778A0B202C14CE001A25C9 /* URLSessionProviderTests.swift */,
				169AD6001D59615800615CB7 /* Info.plist */,
			);
			path = ClassmereTests;
			sourceTree = "<group>";
		};
		169AD6081D59615800615CB7 /* ClassmereUITests */ = {
			isa = PBXGroup;
			children = (
				169AD6091D59615800615CB7 /* ClassmereUITests.swift */,
				169AD60B1D59615800615CB7 /* Info.plist */,
			);
			path = ClassmereUITests;
			sourceTree = "<group>";
		};
		39C479B30750CE1FF2A95FD8 /* Frameworks */ = {
			isa = PBXGroup;
			children = (
				AD9C9D73E2FE4980DEB8B78F /* Pods_Classmere.framework */,
				13C3B333A7473EBFCDC7EF28 /* Pods_ClassmereTests.framework */,
			);
			name = Frameworks;
			sourceTree = "<group>";
		};
		7F05FD08C755AA90926D1C53 /* Pods */ = {
			isa = PBXGroup;
			children = (
				974759523F0F5369AFB9F6D7 /* Pods-Classmere.debug.xcconfig */,
				AED457C659A3B5F1D0757C66 /* Pods-Classmere.release.xcconfig */,
				DEEF30CFAB38B378BBEF6B93 /* Pods-ClassmereTests.debug.xcconfig */,
				3E7034761DB1245B355B0E66 /* Pods-ClassmereTests.release.xcconfig */,
			);
			name = Pods;
			sourceTree = "<group>";
		};
		AC65DBDD202ED3A4006C990A /* TableViewCells */ = {
			isa = PBXGroup;
			children = (
				ACD94420202D1D6900F4B35F /* UpdatableCell.swift */,
				16BB2FA21D722EFA00484015 /* CourseCell.swift */,
				16BA26B51D76723200CF8594 /* CourseDetailsCell.swift */,
				16A8EA4E1D7CE98C0047C10B /* MapCell.swift */,
				16D95F021D643BF800C2E1F7 /* SearchCell.swift */,
				163FAB4F1D7E90A700E8E271 /* SectionCell.swift */,
			);
			path = TableViewCells;
			sourceTree = "<group>";
		};
		ACDC0AAA2022D925000A19D1 /* Stubbed Responses */ = {
			isa = PBXGroup;
			children = (
				ACF260C12024FB5800A05B20 /* buildings-KEC.json */,
				ACDC0AA22022D907000A19D1 /* courses-CS-161.json */,
				ACF260C02024FB5800A05B20 /* search-buildings-KEC.json */,
				ACDC0AA42022D907000A19D1 /* search-courses-nutrition.json */,
			);
			name = "Stubbed Responses";
			sourceTree = "<group>";
		};
/* End PBXGroup section */

/* Begin PBXNativeTarget section */
		169AD5E51D59615700615CB7 /* Classmere */ = {
			isa = PBXNativeTarget;
			buildConfigurationList = 169AD60E1D59615800615CB7 /* Build configuration list for PBXNativeTarget "Classmere" */;
			buildPhases = (
				2AF5822C4E93014A5B9833BB /* [CP] Check Pods Manifest.lock */,
				169AD5E21D59615700615CB7 /* Sources */,
				169AD5E31D59615700615CB7 /* Frameworks */,
				169AD5E41D59615700615CB7 /* Resources */,
				20875526403285122830D4CB /* [CP] Embed Pods Frameworks */,
				25BA1FE3DC457F547AD1FC9E /* [CP] Copy Pods Resources */,
				AC9B0AC7202BA5AC00FB279B /* SwiftLint */,
			);
			buildRules = (
			);
			dependencies = (
			);
			name = Classmere;
			productName = Classmere;
			productReference = 169AD5E61D59615700615CB7 /* Classmere.app */;
			productType = "com.apple.product-type.application";
		};
		169AD5F91D59615800615CB7 /* ClassmereTests */ = {
			isa = PBXNativeTarget;
			buildConfigurationList = 169AD6111D59615800615CB7 /* Build configuration list for PBXNativeTarget "ClassmereTests" */;
			buildPhases = (
				9F2097AE823039D7FFBD69AD /* [CP] Check Pods Manifest.lock */,
				169AD5F61D59615800615CB7 /* Sources */,
				169AD5F71D59615800615CB7 /* Frameworks */,
				169AD5F81D59615800615CB7 /* Resources */,
				355D48055BEEA51AE295DD58 /* [CP] Embed Pods Frameworks */,
				426A734E551CDECD7A7790D6 /* [CP] Copy Pods Resources */,
			);
			buildRules = (
			);
			dependencies = (
				169AD5FC1D59615800615CB7 /* PBXTargetDependency */,
			);
			name = ClassmereTests;
			productName = ClassmereTests;
			productReference = 169AD5FA1D59615800615CB7 /* ClassmereTests.xctest */;
			productType = "com.apple.product-type.bundle.unit-test";
		};
		169AD6041D59615800615CB7 /* ClassmereUITests */ = {
			isa = PBXNativeTarget;
			buildConfigurationList = 169AD6141D59615800615CB7 /* Build configuration list for PBXNativeTarget "ClassmereUITests" */;
			buildPhases = (
				169AD6011D59615800615CB7 /* Sources */,
				169AD6021D59615800615CB7 /* Frameworks */,
				169AD6031D59615800615CB7 /* Resources */,
			);
			buildRules = (
			);
			dependencies = (
				169AD6071D59615800615CB7 /* PBXTargetDependency */,
			);
			name = ClassmereUITests;
			productName = ClassmereUITests;
			productReference = 169AD6051D59615800615CB7 /* ClassmereUITests.xctest */;
			productType = "com.apple.product-type.bundle.ui-testing";
		};
/* End PBXNativeTarget section */

/* Begin PBXProject section */
		169AD5DE1D59615700615CB7 /* Project object */ = {
			isa = PBXProject;
			attributes = {
				LastSwiftUpdateCheck = 0730;
				LastUpgradeCheck = 0920;
				ORGANIZATIONNAME = "Brandon Lee";
				TargetAttributes = {
					169AD5E51D59615700615CB7 = {
						CreatedOnToolsVersion = 7.3;
						DevelopmentTeam = 6QBR52NJ4V;
						LastSwiftMigration = 0920;
					};
					169AD5F91D59615800615CB7 = {
						CreatedOnToolsVersion = 7.3;
						LastSwiftMigration = 0920;
						TestTargetID = 169AD5E51D59615700615CB7;
					};
					169AD6041D59615800615CB7 = {
						CreatedOnToolsVersion = 7.3;
						LastSwiftMigration = 0920;
						TestTargetID = 169AD5E51D59615700615CB7;
					};
				};
			};
			buildConfigurationList = 169AD5E11D59615700615CB7 /* Build configuration list for PBXProject "Classmere" */;
			compatibilityVersion = "Xcode 3.2";
			developmentRegion = English;
			hasScannedForEncodings = 0;
			knownRegions = (
				en,
				Base,
			);
			mainGroup = 169AD5DD1D59615700615CB7;
			productRefGroup = 169AD5E71D59615700615CB7 /* Products */;
			projectDirPath = "";
			projectRoot = "";
			targets = (
				169AD5E51D59615700615CB7 /* Classmere */,
				169AD5F91D59615800615CB7 /* ClassmereTests */,
				169AD6041D59615800615CB7 /* ClassmereUITests */,
			);
		};
/* End PBXProject section */

/* Begin PBXResourcesBuildPhase section */
		169AD5E41D59615700615CB7 /* Resources */ = {
			isa = PBXResourcesBuildPhase;
			buildActionMask = 2147483647;
			files = (
				ACDC0AA62022D907000A19D1 /* courses-CS-161.json in Resources */,
				ACF260C22024FB5800A05B20 /* search-buildings-KEC.json in Resources */,
				169AD5F41D59615800615CB7 /* LaunchScreen.storyboard in Resources */,
				169AD5F11D59615800615CB7 /* Assets.xcassets in Resources */,
				ACF260C32024FB5800A05B20 /* buildings-KEC.json in Resources */,
				ACDC0AA82022D907000A19D1 /* search-courses-nutrition.json in Resources */,
			);
			runOnlyForDeploymentPostprocessing = 0;
		};
		169AD5F81D59615800615CB7 /* Resources */ = {
			isa = PBXResourcesBuildPhase;
			buildActionMask = 2147483647;
			files = (
			);
			runOnlyForDeploymentPostprocessing = 0;
		};
		169AD6031D59615800615CB7 /* Resources */ = {
			isa = PBXResourcesBuildPhase;
			buildActionMask = 2147483647;
			files = (
			);
			runOnlyForDeploymentPostprocessing = 0;
		};
/* End PBXResourcesBuildPhase section */

/* Begin PBXShellScriptBuildPhase section */
		20875526403285122830D4CB /* [CP] Embed Pods Frameworks */ = {
			isa = PBXShellScriptBuildPhase;
			buildActionMask = 2147483647;
			files = (
			);
			inputPaths = (
				"${SRCROOT}/../Pods/Target Support Files/Pods-Classmere/Pods-Classmere-frameworks.sh",
				"${BUILT_PRODUCTS_DIR}/PureLayout/PureLayout.framework",
			);
			name = "[CP] Embed Pods Frameworks";
			outputPaths = (
				"${TARGET_BUILD_DIR}/${FRAMEWORKS_FOLDER_PATH}/PureLayout.framework",
			);
			runOnlyForDeploymentPostprocessing = 0;
			shellPath = /bin/sh;
			shellScript = "\"${SRCROOT}/../Pods/Target Support Files/Pods-Classmere/Pods-Classmere-frameworks.sh\"\n";
			showEnvVarsInLog = 0;
		};
		25BA1FE3DC457F547AD1FC9E /* [CP] Copy Pods Resources */ = {
			isa = PBXShellScriptBuildPhase;
			buildActionMask = 2147483647;
			files = (
			);
			inputPaths = (
			);
			name = "[CP] Copy Pods Resources";
			outputPaths = (
			);
			runOnlyForDeploymentPostprocessing = 0;
			shellPath = /bin/sh;
			shellScript = "\"${SRCROOT}/../Pods/Target Support Files/Pods-Classmere/Pods-Classmere-resources.sh\"\n";
			showEnvVarsInLog = 0;
		};
		2AF5822C4E93014A5B9833BB /* [CP] Check Pods Manifest.lock */ = {
			isa = PBXShellScriptBuildPhase;
			buildActionMask = 2147483647;
			files = (
			);
			inputPaths = (
				"${PODS_PODFILE_DIR_PATH}/Podfile.lock",
				"${PODS_ROOT}/Manifest.lock",
			);
			name = "[CP] Check Pods Manifest.lock";
			outputPaths = (
				"$(DERIVED_FILE_DIR)/Pods-Classmere-checkManifestLockResult.txt",
			);
			runOnlyForDeploymentPostprocessing = 0;
			shellPath = /bin/sh;
			shellScript = "diff \"${PODS_PODFILE_DIR_PATH}/Podfile.lock\" \"${PODS_ROOT}/Manifest.lock\" > /dev/null\nif [ $? != 0 ] ; then\n    # print error to STDERR\n    echo \"error: The sandbox is not in sync with the Podfile.lock. Run 'pod install' or update your CocoaPods installation.\" >&2\n    exit 1\nfi\n# This output is used by Xcode 'outputs' to avoid re-running this script phase.\necho \"SUCCESS\" > \"${SCRIPT_OUTPUT_FILE_0}\"\n";
			showEnvVarsInLog = 0;
		};
		355D48055BEEA51AE295DD58 /* [CP] Embed Pods Frameworks */ = {
			isa = PBXShellScriptBuildPhase;
			buildActionMask = 2147483647;
			files = (
			);
			inputPaths = (
			);
			name = "[CP] Embed Pods Frameworks";
			outputPaths = (
			);
			runOnlyForDeploymentPostprocessing = 0;
			shellPath = /bin/sh;
			shellScript = "\"${SRCROOT}/../Pods/Target Support Files/Pods-ClassmereTests/Pods-ClassmereTests-frameworks.sh\"\n";
			showEnvVarsInLog = 0;
		};
		426A734E551CDECD7A7790D6 /* [CP] Copy Pods Resources */ = {
			isa = PBXShellScriptBuildPhase;
			buildActionMask = 2147483647;
			files = (
			);
			inputPaths = (
			);
			name = "[CP] Copy Pods Resources";
			outputPaths = (
			);
			runOnlyForDeploymentPostprocessing = 0;
			shellPath = /bin/sh;
			shellScript = "\"${SRCROOT}/../Pods/Target Support Files/Pods-ClassmereTests/Pods-ClassmereTests-resources.sh\"\n";
			showEnvVarsInLog = 0;
		};
		9F2097AE823039D7FFBD69AD /* [CP] Check Pods Manifest.lock */ = {
			isa = PBXShellScriptBuildPhase;
			buildActionMask = 2147483647;
			files = (
			);
			inputPaths = (
				"${PODS_PODFILE_DIR_PATH}/Podfile.lock",
				"${PODS_ROOT}/Manifest.lock",
			);
			name = "[CP] Check Pods Manifest.lock";
			outputPaths = (
				"$(DERIVED_FILE_DIR)/Pods-ClassmereTests-checkManifestLockResult.txt",
			);
			runOnlyForDeploymentPostprocessing = 0;
			shellPath = /bin/sh;
			shellScript = "diff \"${PODS_PODFILE_DIR_PATH}/Podfile.lock\" \"${PODS_ROOT}/Manifest.lock\" > /dev/null\nif [ $? != 0 ] ; then\n    # print error to STDERR\n    echo \"error: The sandbox is not in sync with the Podfile.lock. Run 'pod install' or update your CocoaPods installation.\" >&2\n    exit 1\nfi\n# This output is used by Xcode 'outputs' to avoid re-running this script phase.\necho \"SUCCESS\" > \"${SCRIPT_OUTPUT_FILE_0}\"\n";
			showEnvVarsInLog = 0;
		};
		AC9B0AC7202BA5AC00FB279B /* SwiftLint */ = {
			isa = PBXShellScriptBuildPhase;
			buildActionMask = 2147483647;
			files = (
			);
			inputPaths = (
			);
			name = SwiftLint;
			outputPaths = (
			);
			runOnlyForDeploymentPostprocessing = 0;
			shellPath = /bin/sh;
			shellScript = "\"${PODS_ROOT}/SwiftLint/swiftlint\"";
		};
/* End PBXShellScriptBuildPhase section */

/* Begin PBXSourcesBuildPhase section */
		169AD5E21D59615700615CB7 /* Sources */ = {
			isa = PBXSourcesBuildPhase;
			buildActionMask = 2147483647;
			files = (
				16BA26B61D76723200CF8594 /* CourseDetailsCell.swift in Sources */,
				ACDC0AA020228577000A19D1 /* URLSessionProvider.swift in Sources */,
				ACAC27402044B56B0067B3E3 /* DateFormatter+.swift in Sources */,
				163FAB501D7E90A700E8E271 /* SectionCell.swift in Sources */,
				160D28521D5C0298009C0178 /* Section.swift in Sources */,
				ACB0AE5720213AC7003B1E45 /* Store.swift in Sources */,
				16BA26B41D7663E100CF8594 /* EmojiFactory.swift in Sources */,
				16D95F031D643BF800C2E1F7 /* SearchCell.swift in Sources */,
				ACDC0A9E20228563000A19D1 /* DummyProvider.swift in Sources */,
				160D28541D5C12DF009C0178 /* Building.swift in Sources */,
				16D117611D6C07B000CCB807 /* CourseViewController.swift in Sources */,
				AC778A08202BFB2C001A25C9 /* Result.swift in Sources */,
				163FAB4E1D7E891500E8E271 /* SectionViewController.swift in Sources */,
				ACD9441D202D10BE00F4B35F /* TableViewDataSource.swift in Sources */,
				16BB2FA31D722EFA00484015 /* CourseCell.swift in Sources */,
				160D28501D5C0032009C0178 /* Course.swift in Sources */,
				ACE53E07203F69E90053A0CF /* MeetingTime.swift in Sources */,
				ACD94421202D1D6900F4B35F /* UpdatableCell.swift in Sources */,
				160D285A1D5C1BDC009C0178 /* HomeView.swift in Sources */,
				16D94F1F1D73D22F00346D2B /* DataFormatter.swift in Sources */,
				AC778A06202BFAF6001A25C9 /* Provider.swift in Sources */,
				160D28581D5C1B67009C0178 /* HomeViewController.swift in Sources */,
				16A8EA4F1D7CE98C0047C10B /* MapCell.swift in Sources */,
				ACB0AE5520213AB0003B1E45 /* API.swift in Sources */,
				ACC6381E2032203600450A46 /* Emoji.swift in Sources */,
				169AD5EA1D59615800615CB7 /* AppDelegate.swift in Sources */,
			);
			runOnlyForDeploymentPostprocessing = 0;
		};
		169AD5F61D59615800615CB7 /* Sources */ = {
			isa = PBXSourcesBuildPhase;
			buildActionMask = 2147483647;
			files = (
				AC778A0A202C14BE001A25C9 /* CourseTests.swift in Sources */,
				ACDC0AAC202370FC000A19D1 /* BuildingTests.swift in Sources */,
				ACDC0A9C20227E69000A19D1 /* APITests.swift in Sources */,
				AC778A0C202C14CE001A25C9 /* URLSessionProviderTests.swift in Sources */,
			);
			runOnlyForDeploymentPostprocessing = 0;
		};
		169AD6011D59615800615CB7 /* Sources */ = {
			isa = PBXSourcesBuildPhase;
			buildActionMask = 2147483647;
			files = (
				169AD60A1D59615800615CB7 /* ClassmereUITests.swift in Sources */,
			);
			runOnlyForDeploymentPostprocessing = 0;
		};
/* End PBXSourcesBuildPhase section */

/* Begin PBXTargetDependency section */
		169AD5FC1D59615800615CB7 /* PBXTargetDependency */ = {
			isa = PBXTargetDependency;
			target = 169AD5E51D59615700615CB7 /* Classmere */;
			targetProxy = 169AD5FB1D59615800615CB7 /* PBXContainerItemProxy */;
		};
		169AD6071D59615800615CB7 /* PBXTargetDependency */ = {
			isa = PBXTargetDependency;
			target = 169AD5E51D59615700615CB7 /* Classmere */;
			targetProxy = 169AD6061D59615800615CB7 /* PBXContainerItemProxy */;
		};
/* End PBXTargetDependency section */

/* Begin PBXVariantGroup section */
		169AD5F21D59615800615CB7 /* LaunchScreen.storyboard */ = {
			isa = PBXVariantGroup;
			children = (
				169AD5F31D59615800615CB7 /* Base */,
			);
			name = LaunchScreen.storyboard;
			sourceTree = "<group>";
		};
/* End PBXVariantGroup section */

/* Begin XCBuildConfiguration section */
		169AD60C1D59615800615CB7 /* Debug */ = {
			isa = XCBuildConfiguration;
			buildSettings = {
				ALWAYS_SEARCH_USER_PATHS = NO;
				CLANG_ANALYZER_NONNULL = YES;
				CLANG_CXX_LANGUAGE_STANDARD = "gnu++0x";
				CLANG_CXX_LIBRARY = "libc++";
				CLANG_ENABLE_MODULES = YES;
				CLANG_ENABLE_OBJC_ARC = YES;
				CLANG_WARN_BLOCK_CAPTURE_AUTORELEASING = YES;
				CLANG_WARN_BOOL_CONVERSION = YES;
				CLANG_WARN_COMMA = YES;
				CLANG_WARN_CONSTANT_CONVERSION = YES;
				CLANG_WARN_DIRECT_OBJC_ISA_USAGE = YES_ERROR;
				CLANG_WARN_EMPTY_BODY = YES;
				CLANG_WARN_ENUM_CONVERSION = YES;
				CLANG_WARN_INFINITE_RECURSION = YES;
				CLANG_WARN_INT_CONVERSION = YES;
				CLANG_WARN_NON_LITERAL_NULL_CONVERSION = YES;
				CLANG_WARN_OBJC_LITERAL_CONVERSION = YES;
				CLANG_WARN_OBJC_ROOT_CLASS = YES_ERROR;
				CLANG_WARN_RANGE_LOOP_ANALYSIS = YES;
				CLANG_WARN_STRICT_PROTOTYPES = YES;
				CLANG_WARN_SUSPICIOUS_MOVE = YES;
				CLANG_WARN_UNREACHABLE_CODE = YES;
				CLANG_WARN__DUPLICATE_METHOD_MATCH = YES;
				"CODE_SIGN_IDENTITY[sdk=iphoneos*]" = "iPhone Developer";
				COPY_PHASE_STRIP = NO;
				DEBUG_INFORMATION_FORMAT = dwarf;
				ENABLE_STRICT_OBJC_MSGSEND = YES;
				ENABLE_TESTABILITY = YES;
				GCC_C_LANGUAGE_STANDARD = gnu99;
				GCC_DYNAMIC_NO_PIC = NO;
				GCC_NO_COMMON_BLOCKS = YES;
				GCC_OPTIMIZATION_LEVEL = 0;
				GCC_PREPROCESSOR_DEFINITIONS = (
					"DEBUG=1",
					"$(inherited)",
				);
				GCC_WARN_64_TO_32_BIT_CONVERSION = YES;
				GCC_WARN_ABOUT_RETURN_TYPE = YES_ERROR;
				GCC_WARN_UNDECLARED_SELECTOR = YES;
				GCC_WARN_UNINITIALIZED_AUTOS = YES_AGGRESSIVE;
				GCC_WARN_UNUSED_FUNCTION = YES;
				GCC_WARN_UNUSED_VARIABLE = YES;
				IPHONEOS_DEPLOYMENT_TARGET = 11.0;
				MTL_ENABLE_DEBUG_INFO = YES;
				ONLY_ACTIVE_ARCH = YES;
				SDKROOT = iphoneos;
				SWIFT_OPTIMIZATION_LEVEL = "-Onone";
				SWIFT_VERSION = 3.0;
			};
			name = Debug;
		};
		169AD60D1D59615800615CB7 /* Release */ = {
			isa = XCBuildConfiguration;
			buildSettings = {
				ALWAYS_SEARCH_USER_PATHS = NO;
				CLANG_ANALYZER_NONNULL = YES;
				CLANG_CXX_LANGUAGE_STANDARD = "gnu++0x";
				CLANG_CXX_LIBRARY = "libc++";
				CLANG_ENABLE_MODULES = YES;
				CLANG_ENABLE_OBJC_ARC = YES;
				CLANG_WARN_BLOCK_CAPTURE_AUTORELEASING = YES;
				CLANG_WARN_BOOL_CONVERSION = YES;
				CLANG_WARN_COMMA = YES;
				CLANG_WARN_CONSTANT_CONVERSION = YES;
				CLANG_WARN_DIRECT_OBJC_ISA_USAGE = YES_ERROR;
				CLANG_WARN_EMPTY_BODY = YES;
				CLANG_WARN_ENUM_CONVERSION = YES;
				CLANG_WARN_INFINITE_RECURSION = YES;
				CLANG_WARN_INT_CONVERSION = YES;
				CLANG_WARN_NON_LITERAL_NULL_CONVERSION = YES;
				CLANG_WARN_OBJC_LITERAL_CONVERSION = YES;
				CLANG_WARN_OBJC_ROOT_CLASS = YES_ERROR;
				CLANG_WARN_RANGE_LOOP_ANALYSIS = YES;
				CLANG_WARN_STRICT_PROTOTYPES = YES;
				CLANG_WARN_SUSPICIOUS_MOVE = YES;
				CLANG_WARN_UNREACHABLE_CODE = YES;
				CLANG_WARN__DUPLICATE_METHOD_MATCH = YES;
				"CODE_SIGN_IDENTITY[sdk=iphoneos*]" = "iPhone Developer";
				COPY_PHASE_STRIP = NO;
				DEBUG_INFORMATION_FORMAT = "dwarf-with-dsym";
				ENABLE_NS_ASSERTIONS = NO;
				ENABLE_STRICT_OBJC_MSGSEND = YES;
				GCC_C_LANGUAGE_STANDARD = gnu99;
				GCC_NO_COMMON_BLOCKS = YES;
				GCC_WARN_64_TO_32_BIT_CONVERSION = YES;
				GCC_WARN_ABOUT_RETURN_TYPE = YES_ERROR;
				GCC_WARN_UNDECLARED_SELECTOR = YES;
				GCC_WARN_UNINITIALIZED_AUTOS = YES_AGGRESSIVE;
				GCC_WARN_UNUSED_FUNCTION = YES;
				GCC_WARN_UNUSED_VARIABLE = YES;
				IPHONEOS_DEPLOYMENT_TARGET = 11.0;
				MTL_ENABLE_DEBUG_INFO = NO;
				SDKROOT = iphoneos;
				SWIFT_OPTIMIZATION_LEVEL = "-Owholemodule";
				SWIFT_VERSION = 3.0;
				VALIDATE_PRODUCT = YES;
			};
			name = Release;
		};
		169AD60F1D59615800615CB7 /* Debug */ = {
			isa = XCBuildConfiguration;
			baseConfigurationReference = 974759523F0F5369AFB9F6D7 /* Pods-Classmere.debug.xcconfig */;
			buildSettings = {
				ASSETCATALOG_COMPILER_APPICON_NAME = AppIcon;
				CODE_SIGN_IDENTITY = "iPhone Developer";
				"CODE_SIGN_IDENTITY[sdk=iphoneos*]" = "iPhone Developer";
				DEVELOPMENT_TEAM = 6QBR52NJ4V;
				INFOPLIST_FILE = Classmere/Info.plist;
				IPHONEOS_DEPLOYMENT_TARGET = 11.0;
				LD_RUNPATH_SEARCH_PATHS = "$(inherited) @executable_path/Frameworks";
				PRODUCT_BUNDLE_IDENTIFIER = com.rutgerfarry.classmere;
				PRODUCT_NAME = "$(TARGET_NAME)";
				PROVISIONING_PROFILE = "";
				SWIFT_SWIFT3_OBJC_INFERENCE = Default;
				SWIFT_VERSION = 4.0;
			};
			name = Debug;
		};
		169AD6101D59615800615CB7 /* Release */ = {
			isa = XCBuildConfiguration;
			baseConfigurationReference = AED457C659A3B5F1D0757C66 /* Pods-Classmere.release.xcconfig */;
			buildSettings = {
				ASSETCATALOG_COMPILER_APPICON_NAME = AppIcon;
				CODE_SIGN_IDENTITY = "iPhone Developer";
				"CODE_SIGN_IDENTITY[sdk=iphoneos*]" = "iPhone Developer";
				DEVELOPMENT_TEAM = 6QBR52NJ4V;
				INFOPLIST_FILE = Classmere/Info.plist;
				IPHONEOS_DEPLOYMENT_TARGET = 11.0;
				LD_RUNPATH_SEARCH_PATHS = "$(inherited) @executable_path/Frameworks";
				PRODUCT_BUNDLE_IDENTIFIER = com.rutgerfarry.classmere;
				PRODUCT_NAME = "$(TARGET_NAME)";
				PROVISIONING_PROFILE = "";
				SWIFT_SWIFT3_OBJC_INFERENCE = Default;
				SWIFT_VERSION = 4.0;
			};
			name = Release;
		};
		169AD6121D59615800615CB7 /* Debug */ = {
			isa = XCBuildConfiguration;
			baseConfigurationReference = DEEF30CFAB38B378BBEF6B93 /* Pods-ClassmereTests.debug.xcconfig */;
			buildSettings = {
				BUNDLE_LOADER = "$(TEST_HOST)";
				INFOPLIST_FILE = ClassmereTests/Info.plist;
				LD_RUNPATH_SEARCH_PATHS = "$(inherited) @executable_path/Frameworks @loader_path/Frameworks";
				PRODUCT_BUNDLE_IDENTIFIER = com.BLeeConcepts.ClassmereTests;
				PRODUCT_NAME = "$(TARGET_NAME)";
				SWIFT_SWIFT3_OBJC_INFERENCE = Default;
				SWIFT_VERSION = 4.0;
				TEST_HOST = "$(BUILT_PRODUCTS_DIR)/Classmere.app/Classmere";
			};
			name = Debug;
		};
		169AD6131D59615800615CB7 /* Release */ = {
			isa = XCBuildConfiguration;
			baseConfigurationReference = 3E7034761DB1245B355B0E66 /* Pods-ClassmereTests.release.xcconfig */;
			buildSettings = {
				BUNDLE_LOADER = "$(TEST_HOST)";
				INFOPLIST_FILE = ClassmereTests/Info.plist;
				LD_RUNPATH_SEARCH_PATHS = "$(inherited) @executable_path/Frameworks @loader_path/Frameworks";
				PRODUCT_BUNDLE_IDENTIFIER = com.BLeeConcepts.ClassmereTests;
				PRODUCT_NAME = "$(TARGET_NAME)";
				SWIFT_SWIFT3_OBJC_INFERENCE = Default;
				SWIFT_VERSION = 4.0;
				TEST_HOST = "$(BUILT_PRODUCTS_DIR)/Classmere.app/Classmere";
			};
			name = Release;
		};
		169AD6151D59615800615CB7 /* Debug */ = {
			isa = XCBuildConfiguration;
			buildSettings = {
				INFOPLIST_FILE = ClassmereUITests/Info.plist;
				LD_RUNPATH_SEARCH_PATHS = "$(inherited) @executable_path/Frameworks @loader_path/Frameworks";
				PRODUCT_BUNDLE_IDENTIFIER = com.BLeeConcepts.ClassmereUITests;
				PRODUCT_NAME = "$(TARGET_NAME)";
				SWIFT_SWIFT3_OBJC_INFERENCE = Default;
				SWIFT_VERSION = 4.0;
				TEST_TARGET_NAME = Classmere;
			};
			name = Debug;
		};
		169AD6161D59615800615CB7 /* Release */ = {
			isa = XCBuildConfiguration;
			buildSettings = {
				INFOPLIST_FILE = ClassmereUITests/Info.plist;
				LD_RUNPATH_SEARCH_PATHS = "$(inherited) @executable_path/Frameworks @loader_path/Frameworks";
				PRODUCT_BUNDLE_IDENTIFIER = com.BLeeConcepts.ClassmereUITests;
				PRODUCT_NAME = "$(TARGET_NAME)";
				SWIFT_SWIFT3_OBJC_INFERENCE = Default;
				SWIFT_VERSION = 4.0;
				TEST_TARGET_NAME = Classmere;
			};
			name = Release;
		};
/* End XCBuildConfiguration section */

/* Begin XCConfigurationList section */
		169AD5E11D59615700615CB7 /* Build configuration list for PBXProject "Classmere" */ = {
			isa = XCConfigurationList;
			buildConfigurations = (
				169AD60C1D59615800615CB7 /* Debug */,
				169AD60D1D59615800615CB7 /* Release */,
			);
			defaultConfigurationIsVisible = 0;
			defaultConfigurationName = Release;
		};
		169AD60E1D59615800615CB7 /* Build configuration list for PBXNativeTarget "Classmere" */ = {
			isa = XCConfigurationList;
			buildConfigurations = (
				169AD60F1D59615800615CB7 /* Debug */,
				169AD6101D59615800615CB7 /* Release */,
			);
			defaultConfigurationIsVisible = 0;
			defaultConfigurationName = Release;
		};
		169AD6111D59615800615CB7 /* Build configuration list for PBXNativeTarget "ClassmereTests" */ = {
			isa = XCConfigurationList;
			buildConfigurations = (
				169AD6121D59615800615CB7 /* Debug */,
				169AD6131D59615800615CB7 /* Release */,
			);
			defaultConfigurationIsVisible = 0;
			defaultConfigurationName = Release;
		};
		169AD6141D59615800615CB7 /* Build configuration list for PBXNativeTarget "ClassmereUITests" */ = {
			isa = XCConfigurationList;
			buildConfigurations = (
				169AD6151D59615800615CB7 /* Debug */,
				169AD6161D59615800615CB7 /* Release */,
			);
			defaultConfigurationIsVisible = 0;
			defaultConfigurationName = Release;
		};
/* End XCConfigurationList section */
	};
	rootObject = 169AD5DE1D59615700615CB7 /* Project object */;
}
